
Microsoft Visual Studio Solution File, Format Version 12.00
Project("{FAE04EC0-301F-11D3-BF4B-00C04F79EFBC}") = "MessengerServer", "MessengerServer\MessengerServer.csproj", "{8A6B4DBE-65D6-46A6-80C9-3AEF54571E90}"
EndProject
Project("{FAE04EC0-301F-11D3-BF4B-00C04F79EFBC}") = "ProtocolCore", "ProtocolCore\ProtocolCore.csproj", "{838EE1E5-155B-4C10-9D00-B6A9A44719EB}"
EndProject
Project("{FAE04EC0-301F-11D3-BF4B-00C04F79EFBC}") = "testClient", "testClient\testClient.csproj", "{8213910F-ADD5-47EE-864B-8553F07F75C3}"
EndProject
Project("{2150E333-8FDC-42A3-9474-1A3956D46DE8}") = "Core", "Core", "{D4A8C951-5482-4978-AB92-A721087E509F}"
EndProject
Project("{2150E333-8FDC-42A3-9474-1A3956D46DE8}") = "Server", "Server", "{39B2DEA0-EFD9-4E64-98CA-C673F76E191B}"
EndProject
Project("{2150E333-8FDC-42A3-9474-1A3956D46DE8}") = "Client", "Client", "{55BF6837-1D8E-4852-9019-52121D0740B4}"
EndProject
Project("{2150E333-8FDC-42A3-9474-1A3956D46DE8}") = "MessengerSharedLibraries", "MessengerSharedLibraries", "{09BD3FC2-14A8-4A84-A188-63FA1A8F2F91}"
EndProject
Project("{FAE04EC0-301F-11D3-BF4B-00C04F79EFBC}") = "EventTransmitter", "EventTransmitter\EventTransmitter.csproj", "{2B93DE80-BD41-4626-8532-69D0456D8309}"
EndProject
Project("{FAE04EC0-301F-11D3-BF4B-00C04F79EFBC}") = "MessengerProtocolRealization", "MessengerProtocolRealization\MessengerProtocolRealization.csproj", "{2C7918FF-FE4F-4CCA-8687-53B1395D901D}"
EndProject
Global
	GlobalSection(SolutionConfigurationPlatforms) = preSolution
		Debug|Any CPU = Debug|Any CPU
		Release|Any CPU = Release|Any CPU
	EndGlobalSection
	GlobalSection(ProjectConfigurationPlatforms) = postSolution
		{8A6B4DBE-65D6-46A6-80C9-3AEF54571E90}.Debug|Any CPU.ActiveCfg = Debug|Any CPU
		{8A6B4DBE-65D6-46A6-80C9-3AEF54571E90}.Debug|Any CPU.Build.0 = Debug|Any CPU
		{8A6B4DBE-65D6-46A6-80C9-3AEF54571E90}.Release|Any CPU.ActiveCfg = Release|Any CPU
		{8A6B4DBE-65D6-46A6-80C9-3AEF54571E90}.Release|Any CPU.Build.0 = Release|Any CPU
		{838EE1E5-155B-4C10-9D00-B6A9A44719EB}.Debug|Any CPU.ActiveCfg = Debug|Any CPU
		{838EE1E5-155B-4C10-9D00-B6A9A44719EB}.Debug|Any CPU.Build.0 = Debug|Any CPU
		{838EE1E5-155B-4C10-9D00-B6A9A44719EB}.Release|Any CPU.ActiveCfg = Release|Any CPU
		{838EE1E5-155B-4C10-9D00-B6A9A44719EB}.Release|Any CPU.Build.0 = Release|Any CPU
		{8213910F-ADD5-47EE-864B-8553F07F75C3}.Debug|Any CPU.ActiveCfg = Debug|Any CPU
		{8213910F-ADD5-47EE-864B-8553F07F75C3}.Debug|Any CPU.Build.0 = Debug|Any CPU
		{8213910F-ADD5-47EE-864B-8553F07F75C3}.Release|Any CPU.ActiveCfg = Release|Any CPU
		{8213910F-ADD5-47EE-864B-8553F07F75C3}.Release|Any CPU.Build.0 = Release|Any CPU
		{2B93DE80-BD41-4626-8532-69D0456D8309}.Debug|Any CPU.ActiveCfg = Debug|Any CPU
		{2B93DE80-BD41-4626-8532-69D0456D8309}.Debug|Any CPU.Build.0 = Debug|Any CPU
		{2B93DE80-BD41-4626-8532-69D0456D8309}.Release|Any CPU.ActiveCfg = Release|Any CPU
		{2B93DE80-BD41-4626-8532-69D0456D8309}.Release|Any CPU.Build.0 = Release|Any CPU
		{2C7918FF-FE4F-4CCA-8687-53B1395D901D}.Debug|Any CPU.ActiveCfg = Debug|Any CPU
		{2C7918FF-FE4F-4CCA-8687-53B1395D901D}.Debug|Any CPU.Build.0 = Debug|Any CPU
		{2C7918FF-FE4F-4CCA-8687-53B1395D901D}.Release|Any CPU.ActiveCfg = Release|Any CPU
		{2C7918FF-FE4F-4CCA-8687-53B1395D901D}.Release|Any CPU.Build.0 = Release|Any CPU
	EndGlobalSection
	GlobalSection(NestedProjects) = preSolution
		{838EE1E5-155B-4C10-9D00-B6A9A44719EB} = {D4A8C951-5482-4978-AB92-A721087E509F}
		{8A6B4DBE-65D6-46A6-80C9-3AEF54571E90} = {39B2DEA0-EFD9-4E64-98CA-C673F76E191B}
		{8213910F-ADD5-47EE-864B-8553F07F75C3} = {55BF6837-1D8E-4852-9019-52121D0740B4}
		{2B93DE80-BD41-4626-8532-69D0456D8309} = {D4A8C951-5482-4978-AB92-A721087E509F}
		{2C7918FF-FE4F-4CCA-8687-53B1395D901D} = {09BD3FC2-14A8-4A84-A188-63FA1A8F2F91}
	EndGlobalSection
EndGlobal
